Microsoft Visual Studio Solution File, Format Version 12.00
# Visual Studio Version 17
VisualStudioVersion = 17.5.2.0
MinimumVisualStudioVersion = 10.0.40219.1
Project("{FAE04EC0-301F-11D3-BF4B-00C04F79EFBC}") = "ContextBulkExtension", "ContextBulkExtension\ContextBulkExtension.Net8.csproj", "{CC3B92B4-A92C-A559-D618-13CDFFAE3E5A}"
EndProject
Project("{FAE04EC0-301F-11D3-BF4B-00C04F79EFBC}") = "ContextBulkExtension.Tests.Net8", "ContextBulkExtension.Tests\ContextBulkExtension.Tests.Net8.csproj", "{E6BE8417-9A3B-814F-F1F9-1B9765FFFA25}"
EndProject
Project("{FAE04EC0-301F-11D3-BF4B-00C04F79EFBC}") = "ContextBulkExtension.SqlServer", "NugetPackages\ContextBulkExtension.SqlServer\ContextBulkExtension.SqlServer.Net8.csproj", "{0E7B7103-1EE1-5905-AF43-3CD2C9B1052B}"
EndProject
Global
	GlobalSection(SolutionConfigurationPlatforms) = preSolution
		Debug|Any CPU = Debug|Any CPU
		Release|Any CPU = Release|Any CPU
	EndGlobalSection
	GlobalSection(ProjectConfigurationPlatforms) = postSolution
		{CC3B92B4-A92C-A559-D618-13CDFFAE3E5A}.Debug|Any CPU.ActiveCfg = Debug|Any CPU
		{CC3B92B4-A92C-A559-D618-13CDFFAE3E5A}.Debug|Any CPU.Build.0 = Debug|Any CPU
		{CC3B92B4-A92C-A559-D618-13CDFFAE3E5A}.Release|Any CPU.ActiveCfg = Release|Any CPU
		{CC3B92B4-A92C-A559-D618-13CDFFAE3E5A}.Release|Any CPU.Build.0 = Release|Any CPU
		{E6BE8417-9A3B-814F-F1F9-1B9765FFFA25}.Debug|Any CPU.ActiveCfg = Debug|Any CPU
		{E6BE8417-9A3B-814F-F1F9-1B9765FFFA25}.Debug|Any CPU.Build.0 = Debug|Any CPU
		{E6BE8417-9A3B-814F-F1F9-1B9765FFFA25}.Release|Any CPU.ActiveCfg = Release|Any CPU
		{E6BE8417-9A3B-814F-F1F9-1B9765FFFA25}.Release|Any CPU.Build.0 = Release|Any CPU
		{0E7B7103-1EE1-5905-AF43-3CD2C9B1052B}.Debug|Any CPU.ActiveCfg = Debug|Any CPU
		{0E7B7103-1EE1-5905-AF43-3CD2C9B1052B}.Debug|Any CPU.Build.0 = Debug|Any CPU
		{0E7B7103-1EE1-5905-AF43-3CD2C9B1052B}.Release|Any CPU.ActiveCfg = Release|Any CPU
		{0E7B7103-1EE1-5905-AF43-3CD2C9B1052B}.Release|Any CPU.Build.0 = Release|Any CPU
	EndGlobalSection
	GlobalSection(SolutionProperties) = preSolution
		HideSolutionNode = FALSE
	EndGlobalSection
	GlobalSection(ExtensibilityGlobals) = postSolution
		SolutionGuid = {757EDD73-99AD-4791-AB80-5875597B04DD}
	EndGlobalSection
EndGlobal
